# This file is automatically @generated by Cargo.
# It is not intended for manual editing.
version = 4

[[package]]
name = "pups"
version = "0.0.2"
dependencies = [
 "pups_core",
]

[[package]]
name = "pups_core"
version = "0.0.2"

[[package]]
name = "pups_text"
version = "0.0.0"
dependencies = [
 "pups_core",
]
